
Microsoft Visual Studio Solution File, Format Version 12.00
# Visual Studio Version 17
VisualStudioVersion = 17.3.32929.385
MinimumVisualStudioVersion = 10.0.40219.1
Project("{FAE04EC0-301F-11D3-BF4B-00C04F79EFBC}") = "Auth.API", "src\Auth.API\Auth.API.csproj", "{E6860DFD-F424-4F0C-AB90-E2B3046A268B}"
EndProject
Global
	GlobalSection(SolutionConfigurationPlatforms) = preSolution
		Debug|Any CPU = Debug|Any CPU
		Release|Any CPU = Release|Any CPU
	EndGlobalSection
	GlobalSection(ProjectConfigurationPlatforms) = postSolution
		{E6860DFD-F424-4F0C-AB90-E2B3046A268B}.Debug|Any CPU.ActiveCfg = Debug|Any CPU
		{E6860DFD-F424-4F0C-AB90-E2B3046A268B}.Debug|Any CPU.Build.0 = Debug|Any CPU
		{E6860DFD-F424-4F0C-AB90-E2B3046A268B}.Release|Any CPU.ActiveCfg = Release|Any CPU
		{E6860DFD-F424-4F0C-AB90-E2B3046A268B}.Release|Any CPU.Build.0 = Release|Any CPU
	EndGlobalSection
	GlobalSection(SolutionProperties) = preSolution
		HideSolutionNode = FALSE
	EndGlobalSection
	GlobalSection(ExtensibilityGlobals) = postSolution
		SolutionGuid = {6A62795A-FC21-4933-AD12-22409AA14144}
	EndGlobalSection
EndGlobal
